
Microsoft Visual Studio Solution File, Format Version 12.00
# Visual Studio 15
VisualStudioVersion = 15.0.28010.2046
MinimumVisualStudioVersion = 10.0.40219.1
Project("{FAE04EC0-301F-11D3-BF4B-00C04F79EFBC}") = "LoadAsync", "WindowsFormsApp1\LoadAsync.csproj", "{7C4997B7-B56B-4569-A72C-0F16B13BB234}"
EndProject
Global
	GlobalSection(SolutionConfigurationPlatforms) = preSolution
		Debug|Any CPU = Debug|Any CPU
		Release|Any CPU = Release|Any CPU
	EndGlobalSection
	GlobalSection(ProjectConfigurationPlatforms) = postSolution
		{7C4997B7-B56B-4569-A72C-0F16B13BB234}.Debug|Any CPU.ActiveCfg = Debug|Any CPU
		{7C4997B7-B56B-4569-A72C-0F16B13BB234}.Debug|Any CPU.Build.0 = Debug|Any CPU
		{7C4997B7-B56B-4569-A72C-0F16B13BB234}.Release|Any CPU.ActiveCfg = Release|Any CPU
		{7C4997B7-B56B-4569-A72C-0F16B13BB234}.Release|Any CPU.Build.0 = Release|Any CPU
	EndGlobalSection
	GlobalSection(SolutionProperties) = preSolution
		HideSolutionNode = FALSE
	EndGlobalSection
	GlobalSection(ExtensibilityGlobals) = postSolution
		SolutionGuid = {B3A29DC8-276B-48D2-BDE5-EEF9E8B51F0C}
	EndGlobalSection
EndGlobal
